# THIS IS AN AUTOGENERATED FILE. DO NOT EDIT THIS FILE DIRECTLY.
# yarn lockfile v1


react-signature-canvas@^1.0.3:
  version "1.0.3"
  resolved "https://registry.yarnpkg.com/react-signature-canvas/-/react-signature-canvas-1.0.3.tgz#1eebe3395a206ff37015f5b557e5c0274587064b"
  integrity sha512-6KBZFWLgjbnV80hh0sYW4ZKLJkojktP+de+xrnBGjB6HBK2dOoYH3rVxjtCvpMhjM/e4cqgAoQVz3lYdKCgWxw==
  dependencies:
    signature_pad "^2.3.2"
    trim-canvas "^0.1.0"

signature_pad@^2.3.2:
  version "2.3.2"
  resolved "https://registry.yarnpkg.com/signature_pad/-/signature_pad-2.3.2.tgz#ca7230021c89cedeead27b33d8d16ff254e5f04a"
  integrity sha512-peYXLxOsIY6MES2TrRLDiNg2T++8gGbpP2yaC+6Ohtxr+a2dzoaqWosWDY9sWqTAAk6E/TyQO+LJw9zQwyu5kA==

trim-canvas@^0.1.0:
  version "0.1.2"
  resolved "https://registry.yarnpkg.com/trim-canvas/-/trim-canvas-0.1.2.tgz#620457f5fecf564b521d35c5fcd4da58304d6e45"
  integrity sha1-YgRX9f7PVktSHTXF/NTaWDBNbkU=
